
Microsoft Visual Studio Solution File, Format Version 12.00
# Visual Studio Version 17
VisualStudioVersion = 17.7.34221.43
MinimumVisualStudioVersion = 10.0.40219.1
Project("{FAE04EC0-301F-11D3-BF4B-00C04F79EFBC}") = "GIK_299_Labb_2", "GIK_299_Labb_2\GIK_299_Labb_2.csproj", "{378B9E40-137F-40EA-AE1F-EF9391F56F21}"
EndProject
Global
	GlobalSection(SolutionConfigurationPlatforms) = preSolution
		Debug|Any CPU = Debug|Any CPU
		Release|Any CPU = Release|Any CPU
	EndGlobalSection
	GlobalSection(ProjectConfigurationPlatforms) = postSolution
		{378B9E40-137F-40EA-AE1F-EF9391F56F21}.Debug|Any CPU.ActiveCfg = Debug|Any CPU
		{378B9E40-137F-40EA-AE1F-EF9391F56F21}.Debug|Any CPU.Build.0 = Debug|Any CPU
		{378B9E40-137F-40EA-AE1F-EF9391F56F21}.Release|Any CPU.ActiveCfg = Release|Any CPU
		{378B9E40-137F-40EA-AE1F-EF9391F56F21}.Release|Any CPU.Build.0 = Release|Any CPU
	EndGlobalSection
	GlobalSection(SolutionProperties) = preSolution
		HideSolutionNode = FALSE
	EndGlobalSection
	GlobalSection(ExtensibilityGlobals) = postSolution
		SolutionGuid = {E872BAB8-0F50-481A-BAA9-9AB4572A0B05}
	EndGlobalSection
EndGlobal
